// !$*UTF8*$!
{
	archiveVersion = 1;
	classes = {
	};
	objectVersion = 56;
	objects = {

/* Begin PBXBuildFile section */
		65182E522984AB7400D78CF8 /* AppDelegate.swift in Sources */ = {isa = PBXBuildFile; fileRef = 65182E512984AB7400D78CF8 /* AppDelegate.swift */; };
		65182E542984AB7400D78CF8 /* SceneDelegate.swift in Sources */ = {isa = PBXBuildFile; fileRef = 65182E532984AB7400D78CF8 /* SceneDelegate.swift */; };
		65182E562984AB7400D78CF8 /* AlbumListViewController.swift in Sources */ = {isa = PBXBuildFile; fileRef = 65182E552984AB7400D78CF8 /* AlbumListViewController.swift */; };
		65182E592984AB7400D78CF8 /* Main.storyboard in Resources */ = {isa = PBXBuildFile; fileRef = 65182E572984AB7400D78CF8 /* Main.storyboard */; };
		65182E5B2984AB7500D78CF8 /* Assets.xcassets in Resources */ = {isa = PBXBuildFile; fileRef = 65182E5A2984AB7500D78CF8 /* Assets.xcassets */; };
		65182E5E2984AB7500D78CF8 /* LaunchScreen.storyboard in Resources */ = {isa = PBXBuildFile; fileRef = 65182E5C2984AB7500D78CF8 /* LaunchScreen.storyboard */; };
		65182E682984AC4200D78CF8 /* Instructions.txt in Resources */ = {isa = PBXBuildFile; fileRef = 65182E672984AC4100D78CF8 /* Instructions.txt */; };
		65182E6E2984EAA100D78CF8 /* ThumbnailViewController.swift in Sources */ = {isa = PBXBuildFile; fileRef = 65182E6D2984EAA100D78CF8 /* ThumbnailViewController.swift */; };
		65182E702984EAD300D78CF8 /* Thumbnail.storyboard in Resources */ = {isa = PBXBuildFile; fileRef = 65182E6F2984EAD300D78CF8 /* Thumbnail.storyboard */; };
		65B5FBEC29F9DE8F00B88B2B /* Alamofire in Frameworks */ = {isa = PBXBuildFile; productRef = 65B5FBEB29F9DE8F00B88B2B /* Alamofire */; };
		65B5FBEF29FB74CD00B88B2B /* AlamofireImage in Frameworks */ = {isa = PBXBuildFile; productRef = 65B5FBEE29FB74CD00B88B2B /* AlamofireImage */; };
		65BAF9F729E8F317006D37A0 /* StoryboardInitializable.swift in Sources */ = {isa = PBXBuildFile; fileRef = 65BAF9F629E8F317006D37A0 /* StoryboardInitializable.swift */; };
/* End PBXBuildFile section */

/* Begin PBXFileReference section */
		65182E4E2984AB7400D78CF8 /* AlbumList.app */ = {isa = PBXFileReference; explicitFileType = wrapper.application; includeInIndex = 0; path = AlbumList.app; sourceTree = BUILT_PRODUCTS_DIR; };
		65182E512984AB7400D78CF8 /* AppDelegate.swift */ = {isa = PBXFileReference; lastKnownFileType = sourcecode.swift; path = AppDelegate.swift; sourceTree = "<group>"; };
		65182E532984AB7400D78CF8 /* SceneDelegate.swift */ = {isa = PBXFileReference; lastKnownFileType = sourcecode.swift; path = SceneDelegate.swift; sourceTree = "<group>"; };
		65182E552984AB7400D78CF8 /* AlbumListViewController.swift */ = {isa = PBXFileReference; lastKnownFileType = sourcecode.swift; path = AlbumListViewController.swift; sourceTree = "<group>"; };
		65182E582984AB7400D78CF8 /* Base */ = {isa = PBXFileReference; lastKnownFileType = file.storyboard; name = Base; path = Base.lproj/Main.storyboard; sourceTree = "<group>"; };
		65182E5A2984AB7500D78CF8 /* Assets.xcassets */ = {isa = PBXFileReference; lastKnownFileType = folder.assetcatalog; path = Assets.xcassets; sourceTree = "<group>"; };
		65182E5D2984AB7500D78CF8 /* Base */ = {isa = PBXFileReference; lastKnownFileType = file.storyboard; name = Base; path = Base.lproj/LaunchScreen.storyboard; sourceTree = "<group>"; };
		65182E5F2984AB7500D78CF8 /* Info.plist */ = {isa = PBXFileReference; lastKnownFileType = text.plist.xml; path = Info.plist; sourceTree = "<group>"; };
		65182E672984AC4100D78CF8 /* Instructions.txt */ = {isa = PBXFileReference; fileEncoding = 4; lastKnownFileType = text; path = Instructions.txt; sourceTree = "<group>"; };
		65182E6D2984EAA100D78CF8 /* ThumbnailViewController.swift */ = {isa = PBXFileReference; lastKnownFileType = sourcecode.swift; path = ThumbnailViewController.swift; sourceTree = "<group>"; };
		65182E6F2984EAD300D78CF8 /* Thumbnail.storyboard */ = {isa = PBXFileReference; lastKnownFileType = file.storyboard; path = Thumbnail.storyboard; sourceTree = "<group>"; };
		65BAF9F629E8F317006D37A0 /* StoryboardInitializable.swift */ = {isa = PBXFileReference; lastKnownFileType = sourcecode.swift; path = StoryboardInitializable.swift; sourceTree = "<group>"; };
/* End PBXFileReference section */

/* Begin PBXFrameworksBuildPhase section */
		65182E4B2984AB7400D78CF8 /* Frameworks */ = {
			isa = PBXFrameworksBuildPhase;
			buildActionMask = 2147483647;
			files = (
				65B5FBEC29F9DE8F00B88B2B /* Alamofire in Frameworks */,
				65B5FBEF29FB74CD00B88B2B /* AlamofireImage in Frameworks */,
			);
			runOnlyForDeploymentPostprocessing = 0;
		};
/* End PBXFrameworksBuildPhase section */

/* Begin PBXGroup section */
		65182E452984AB7400D78CF8 = {
			isa = PBXGroup;
			children = (
				65182E502984AB7400D78CF8 /* AlbumList */,
				65182E4F2984AB7400D78CF8 /* Products */,
			);
			sourceTree = "<group>";
		};
		65182E4F2984AB7400D78CF8 /* Products */ = {
			isa = PBXGroup;
			children = (
				65182E4E2984AB7400D78CF8 /* AlbumList.app */,
			);
			name = Products;
			sourceTree = "<group>";
		};
		65182E502984AB7400D78CF8 /* AlbumList */ = {
			isa = PBXGroup;
			children = (
				65182E672984AC4100D78CF8 /* Instructions.txt */,
				65182E512984AB7400D78CF8 /* AppDelegate.swift */,
				65182E532984AB7400D78CF8 /* SceneDelegate.swift */,
				65182E552984AB7400D78CF8 /* AlbumListViewController.swift */,
				65182E572984AB7400D78CF8 /* Main.storyboard */,
				65182E6D2984EAA100D78CF8 /* ThumbnailViewController.swift */,
				65182E6F2984EAD300D78CF8 /* Thumbnail.storyboard */,
				65182E5A2984AB7500D78CF8 /* Assets.xcassets */,
				65182E5C2984AB7500D78CF8 /* LaunchScreen.storyboard */,
				65182E5F2984AB7500D78CF8 /* Info.plist */,
				65BAF9F629E8F317006D37A0 /* StoryboardInitializable.swift */,
			);
			path = AlbumList;
			sourceTree = "<group>";
		};
/* End PBXGroup section */

/* Begin PBXNativeTarget section */
		65182E4D2984AB7400D78CF8 /* AlbumList */ = {
			isa = PBXNativeTarget;
			buildConfigurationList = 65182E622984AB7500D78CF8 /* Build configuration list for PBXNativeTarget "AlbumList" */;
			buildPhases = (
				65182E4A2984AB7400D78CF8 /* Sources */,
				65182E4B2984AB7400D78CF8 /* Frameworks */,
				65182E4C2984AB7400D78CF8 /* Resources */,
			);
			buildRules = (
			);
			dependencies = (
			);
			name = AlbumList;
			packageProductDependencies = (
				65B5FBEB29F9DE8F00B88B2B /* Alamofire */,
				65B5FBEE29FB74CD00B88B2B /* AlamofireImage */,
			);
			productName = AlbumList;
			productReference = 65182E4E2984AB7400D78CF8 /* AlbumList.app */;
			productType = "com.apple.product-type.application";
		};
/* End PBXNativeTarget section */

/* Begin PBXProject section */
		65182E462984AB7400D78CF8 /* Project object */ = {
			isa = PBXProject;
			attributes = {
				BuildIndependentTargetsInParallel = 1;
				LastSwiftUpdateCheck = 1420;
				LastUpgradeCheck = 1420;
				TargetAttributes = {
					65182E4D2984AB7400D78CF8 = {
						CreatedOnToolsVersion = 14.2;
					};
				};
			};
			buildConfigurationList = 65182E492984AB7400D78CF8 /* Build configuration list for PBXProject "AlbumList" */;
			compatibilityVersion = "Xcode 14.0";
			developmentRegion = en;
			hasScannedForEncodings = 0;
			knownRegions = (
				en,
				Base,
			);
			mainGroup = 65182E452984AB7400D78CF8;
			packageReferences = (
				65B5FBEA29F9DE8F00B88B2B /* XCRemoteSwiftPackageReference "Alamofire" */,
				65B5FBED29FB74CD00B88B2B /* XCRemoteSwiftPackageReference "AlamofireImage" */,
			);
			productRefGroup = 65182E4F2984AB7400D78CF8 /* Products */;
			projectDirPath = "";
			projectRoot = "";
			targets = (
				65182E4D2984AB7400D78CF8 /* AlbumList */,
			);
		};
/* End PBXProject section */

/* Begin PBXResourcesBuildPhase section */
		65182E4C2984AB7400D78CF8 /* Resources */ = {
			isa = PBXResourcesBuildPhase;
			buildActionMask = 2147483647;
			files = (
				65182E5E2984AB7500D78CF8 /* LaunchScreen.storyboard in Resources */,
				65182E5B2984AB7500D78CF8 /* Assets.xcassets in Resources */,
				65182E702984EAD300D78CF8 /* Thumbnail.storyboard in Resources */,
				65182E592984AB7400D78CF8 /* Main.storyboard in Resources */,
				65182E682984AC4200D78CF8 /* Instructions.txt in Resources */,
			);
			runOnlyForDeploymentPostprocessing = 0;
		};
/* End PBXResourcesBuildPhase section */

/* Begin PBXSourcesBuildPhase section */
		65182E4A2984AB7400D78CF8 /* Sources */ = {
			isa = PBXSourcesBuildPhase;
			buildActionMask = 2147483647;
			files = (
				65182E562984AB7400D78CF8 /* AlbumListViewController.swift in Sources */,
				65BAF9F729E8F317006D37A0 /* StoryboardInitializable.swift in Sources */,
				65182E522984AB7400D78CF8 /* AppDelegate.swift in Sources */,
				65182E542984AB7400D78CF8 /* SceneDelegate.swift in Sources */,
				65182E6E2984EAA100D78CF8 /* ThumbnailViewController.swift in Sources */,
			);
			runOnlyForDeploymentPostprocessing = 0;
		};
/* End PBXSourcesBuildPhase section */

/* Begin PBXVariantGroup section */
		65182E572984AB7400D78CF8 /* Main.storyboard */ = {
			isa = PBXVariantGroup;
			children = (
				65182E582984AB7400D78CF8 /* Base */,
			);
			name = Main.storyboard;
			sourceTree = "<group>";
		};
		65182E5C2984AB7500D78CF8 /* LaunchScreen.storyboard */ = {
			isa = PBXVariantGroup;
			children = (
				65182E5D2984AB7500D78CF8 /* Base */,
			);
			name = LaunchScreen.storyboard;
			sourceTree = "<group>";
		};
/* End PBXVariantGroup section */

/* Begin XCBuildConfiguration section */
		65182E602984AB7500D78CF8 /* Debug */ = {
			isa = XCBuildConfiguration;
			buildSettings = {
				ALWAYS_SEARCH_USER_PATHS = NO;
				CLANG_ANALYZER_NONNULL = YES;
				CLANG_ANALYZER_NUMBER_OBJECT_CONVERSION = YES_AGGRESSIVE;
				CLANG_CXX_LANGUAGE_STANDARD = "gnu++20";
				CLANG_ENABLE_MODULES = YES;
				CLANG_ENABLE_OBJC_ARC = YES;
				CLANG_ENABLE_OBJC_WEAK = YES;
				CLANG_WARN_BLOCK_CAPTURE_AUTORELEASING = YES;
				CLANG_WARN_BOOL_CONVERSION = YES;
				CLANG_WARN_COMMA = YES;
				CLANG_WARN_CONSTANT_CONVERSION = YES;
				CLANG_WARN_DEPRECATED_OBJC_IMPLEMENTATIONS = YES;
				CLANG_WARN_DIRECT_OBJC_ISA_USAGE = YES_ERROR;
				CLANG_WARN_DOCUMENTATION_COMMENTS = YES;
				CLANG_WARN_EMPTY_BODY = YES;
				CLANG_WARN_ENUM_CONVERSION = YES;
				CLANG_WARN_INFINITE_RECURSION = YES;
				CLANG_WARN_INT_CONVERSION = YES;
				CLANG_WARN_NON_LITERAL_NULL_CONVERSION = YES;
				CLANG_WARN_OBJC_IMPLICIT_RETAIN_SELF = YES;
				CLANG_WARN_OBJC_LITERAL_CONVERSION = YES;
				CLANG_WARN_OBJC_ROOT_CLASS = YES_ERROR;
				CLANG_WARN_QUOTED_INCLUDE_IN_FRAMEWORK_HEADER = YES;
				CLANG_WARN_RANGE_LOOP_ANALYSIS = YES;
				CLANG_WARN_STRICT_PROTOTYPES = YES;
				CLANG_WARN_SUSPICIOUS_MOVE = YES;
				CLANG_WARN_UNGUARDED_AVAILABILITY = YES_AGGRESSIVE;
				CLANG_WARN_UNREACHABLE_CODE = YES;
				CLANG_WARN__DUPLICATE_METHOD_MATCH = YES;
				COPY_PHASE_STRIP = NO;
				DEBUG_INFORMATION_FORMAT = dwarf;
				ENABLE_STRICT_OBJC_MSGSEND = YES;
				ENABLE_TESTABILITY = YES;
				GCC_C_LANGUAGE_STANDARD = gnu11;
				GCC_DYNAMIC_NO_PIC = NO;
				GCC_NO_COMMON_BLOCKS = YES;
				GCC_OPTIMIZATION_LEVEL = 0;
				GCC_PREPROCESSOR_DEFINITIONS = (
					"DEBUG=1",
					"$(inherited)",
				);
				GCC_WARN_64_TO_32_BIT_CONVERSION = YES;
				GCC_WARN_ABOUT_RETURN_TYPE = YES_ERROR;
				GCC_WARN_UNDECLARED_SELECTOR = YES;
				GCC_WARN_UNINITIALIZED_AUTOS = YES_AGGRESSIVE;
				GCC_WARN_UNUSED_FUNCTION = YES;
				GCC_WARN_UNUSED_VARIABLE = YES;
				IPHONEOS_DEPLOYMENT_TARGET = 16.2;
				MTL_ENABLE_DEBUG_INFO = INCLUDE_SOURCE;
				MTL_FAST_MATH = YES;
				ONLY_ACTIVE_ARCH = YES;
				SDKROOT = iphoneos;
				SWIFT_ACTIVE_COMPILATION_CONDITIONS = DEBUG;
				SWIFT_OPTIMIZATION_LEVEL = "-Onone";
			};
			name = Debug;
		};
		65182E612984AB7500D78CF8 /* Release */ = {
			isa = XCBuildConfiguration;
			buildSettings = {
				ALWAYS_SEARCH_USER_PATHS = NO;
				CLANG_ANALYZER_NONNULL = YES;
				CLANG_ANALYZER_NUMBER_OBJECT_CONVERSION = YES_AGGRESSIVE;
				CLANG_CXX_LANGUAGE_STANDARD = "gnu++20";
				CLANG_ENABLE_MODULES = YES;
				CLANG_ENABLE_OBJC_ARC = YES;
				CLANG_ENABLE_OBJC_WEAK = YES;
				CLANG_WARN_BLOCK_CAPTURE_AUTORELEASING = YES;
				CLANG_WARN_BOOL_CONVERSION = YES;
				CLANG_WARN_COMMA = YES;
				CLANG_WARN_CONSTANT_CONVERSION = YES;
				CLANG_WARN_DEPRECATED_OBJC_IMPLEMENTATIONS = YES;
				CLANG_WARN_DIRECT_OBJC_ISA_USAGE = YES_ERROR;
				CLANG_WARN_DOCUMENTATION_COMMENTS = YES;
				CLANG_WARN_EMPTY_BODY = YES;
				CLANG_WARN_ENUM_CONVERSION = YES;
				CLANG_WARN_INFINITE_RECURSION = YES;
				CLANG_WARN_INT_CONVERSION = YES;
				CLANG_WARN_NON_LITERAL_NULL_CONVERSION = YES;
				CLANG_WARN_OBJC_IMPLICIT_RETAIN_SELF = YES;
				CLANG_WARN_OBJC_LITERAL_CONVERSION = YES;
				CLANG_WARN_OBJC_ROOT_CLASS = YES_ERROR;
				CLANG_WARN_QUOTED_INCLUDE_IN_FRAMEWORK_HEADER = YES;
				CLANG_WARN_RANGE_LOOP_ANALYSIS = YES;
				CLANG_WARN_STRICT_PROTOTYPES = YES;
				CLANG_WARN_SUSPICIOUS_MOVE = YES;
				CLANG_WARN_UNGUARDED_AVAILABILITY = YES_AGGRESSIVE;
				CLANG_WARN_UNREACHABLE_CODE = YES;
				CLANG_WARN__DUPLICATE_METHOD_MATCH = YES;
				COPY_PHASE_STRIP = NO;
				DEBUG_INFORMATION_FORMAT = "dwarf-with-dsym";
				ENABLE_NS_ASSERTIONS = NO;
				ENABLE_STRICT_OBJC_MSGSEND = YES;
				GCC_C_LANGUAGE_STANDARD = gnu11;
				GCC_NO_COMMON_BLOCKS = YES;
				GCC_WARN_64_TO_32_BIT_CONVERSION = YES;
				GCC_WARN_ABOUT_RETURN_TYPE = YES_ERROR;
				GCC_WARN_UNDECLARED_SELECTOR = YES;
				GCC_WARN_UNINITIALIZED_AUTOS = YES_AGGRESSIVE;
				GCC_WARN_UNUSED_FUNCTION = YES;
				GCC_WARN_UNUSED_VARIABLE = YES;
				IPHONEOS_DEPLOYMENT_TARGET = 16.2;
				MTL_ENABLE_DEBUG_INFO = NO;
				MTL_FAST_MATH = YES;
				SDKROOT = iphoneos;
				SWIFT_COMPILATION_MODE = wholemodule;
				SWIFT_OPTIMIZATION_LEVEL = "-O";
				VALIDATE_PRODUCT = YES;
			};
			name = Release;
		};
		65182E632984AB7500D78CF8 /* Debug */ = {
			isa = XCBuildConfiguration;
			buildSettings = {
				ASSETCATALOG_COMPILER_APPICON_NAME = AppIcon;
				ASSETCATALOG_COMPILER_GLOBAL_ACCENT_COLOR_NAME = AccentColor;
				CODE_SIGN_STYLE = Automatic;
				CURRENT_PROJECT_VERSION = 1;
				DEVELOPMENT_TEAM = NT5946X889;
				GENERATE_INFOPLIST_FILE = YES;
				INFOPLIST_FILE = AlbumList/Info.plist;
				INFOPLIST_KEY_UIApplicationSupportsIndirectInputEvents = YES;
				INFOPLIST_KEY_UILaunchStoryboardName = LaunchScreen;
				INFOPLIST_KEY_UIMainStoryboardFile = Main;
				INFOPLIST_KEY_UISupportedInterfaceOrientations_iPad = "UIInterfaceOrientationPortrait UIInterfaceOrientationPortraitUpsideDown UIInterfaceOrientationLandscapeLeft UIInterfaceOrientationLandscapeRight";
				INFOPLIST_KEY_UISupportedInterfaceOrientations_iPhone = "UIInterfaceOrientationPortrait UIInterfaceOrientationLandscapeLeft UIInterfaceOrientationLandscapeRight";
				LD_RUNPATH_SEARCH_PATHS = (
					"$(inherited)",
					"@executable_path/Frameworks",
				);
				MARKETING_VERSION = 1.0;
				PRODUCT_BUNDLE_IDENTIFIER = com.tommytayler.AlbumList;
				PRODUCT_NAME = "$(TARGET_NAME)";
				SWIFT_EMIT_LOC_STRINGS = YES;
				SWIFT_VERSION = 5.0;
				TARGETED_DEVICE_FAMILY = "1,2";
			};
			name = Debug;
		};
		65182E642984AB7500D78CF8 /* Release */ = {
			isa = XCBuildConfiguration;
			buildSettings = {
				ASSETCATALOG_COMPILER_APPICON_NAME = AppIcon;
				ASSETCATALOG_COMPILER_GLOBAL_ACCENT_COLOR_NAME = AccentColor;
				CODE_SIGN_STYLE = Automatic;
				CURRENT_PROJECT_VERSION = 1;
				DEVELOPMENT_TEAM = NT5946X889;
				GENERATE_INFOPLIST_FILE = YES;
				INFOPLIST_FILE = AlbumList/Info.plist;
				INFOPLIST_KEY_UIApplicationSupportsIndirectInputEvents = YES;
				INFOPLIST_KEY_UILaunchStoryboardName = LaunchScreen;
				INFOPLIST_KEY_UIMainStoryboardFile = Main;
				INFOPLIST_KEY_UISupportedInterfaceOrientations_iPad = "UIInterfaceOrientationPortrait UIInterfaceOrientationPortraitUpsideDown UIInterfaceOrientationLandscapeLeft UIInterfaceOrientationLandscapeRight";
				INFOPLIST_KEY_UISupportedInterfaceOrientations_iPhone = "UIInterfaceOrientationPortrait UIInterfaceOrientationLandscapeLeft UIInterfaceOrientationLandscapeRight";
				LD_RUNPATH_SEARCH_PATHS = (
					"$(inherited)",
					"@executable_path/Frameworks",
				);
				MARKETING_VERSION = 1.0;
				PRODUCT_BUNDLE_IDENTIFIER = com.tommytayler.AlbumList;
				PRODUCT_NAME = "$(TARGET_NAME)";
				SWIFT_EMIT_LOC_STRINGS = YES;
				SWIFT_VERSION = 5.0;
				TARGETED_DEVICE_FAMILY = "1,2";
			};
			name = Release;
		};
/* End XCBuildConfiguration section */

/* Begin XCConfigurationList section */
		65182E492984AB7400D78CF8 /* Build configuration list for PBXProject "AlbumList" */ = {
			isa = XCConfigurationList;
			buildConfigurations = (
				65182E602984AB7500D78CF8 /* Debug */,
				65182E612984AB7500D78CF8 /* Release */,
			);
			defaultConfigurationIsVisible = 0;
			defaultConfigurationName = Release;
		};
		65182E622984AB7500D78CF8 /* Build configuration list for PBXNativeTarget "AlbumList" */ = {
			isa = XCConfigurationList;
			buildConfigurations = (
				65182E632984AB7500D78CF8 /* Debug */,
				65182E642984AB7500D78CF8 /* Release */,
			);
			defaultConfigurationIsVisible = 0;
			defaultConfigurationName = Release;
		};
/* End XCConfigurationList section */

/* Begin XCRemoteSwiftPackageReference section */
		65B5FBEA29F9DE8F00B88B2B /* XCRemoteSwiftPackageReference "Alamofire" */ = {
			isa = XCRemoteSwiftPackageReference;
			repositoryURL = "https://github.com/Alamofire/Alamofire.git";
			requirement = {
				kind = upToNextMajorVersion;
				minimumVersion = 5.0.0;
			};
		};
		65B5FBED29FB74CD00B88B2B /* XCRemoteSwiftPackageReference "AlamofireImage" */ = {
			isa = XCRemoteSwiftPackageReference;
			repositoryURL = "https://github.com/Alamofire/AlamofireImage.git";
			requirement = {
				kind = upToNextMajorVersion;
				minimumVersion = 4.0.0;
			};
		};
/* End XCRemoteSwiftPackageReference section */

/* Begin XCSwiftPackageProductDependency section */
		65B5FBEB29F9DE8F00B88B2B /* Alamofire */ = {
			isa = XCSwiftPackageProductDependency;
			package = 65B5FBEA29F9DE8F00B88B2B /* XCRemoteSwiftPackageReference "Alamofire" */;
			productName = Alamofire;
		};
		65B5FBEE29FB74CD00B88B2B /* AlamofireImage */ = {
			isa = XCSwiftPackageProductDependency;
			package = 65B5FBED29FB74CD00B88B2B /* XCRemoteSwiftPackageReference "AlamofireImage" */;
			productName = AlamofireImage;
		};
/* End XCSwiftPackageProductDependency section */
	};
	rootObject = 65182E462984AB7400D78CF8 /* Project object */;
}
